{
  "name": "Barbara",
  "version": "1.0.0",
  "lockfileVersion": 1,
  "requires": true,
  "dependencies": {
    "discord.py": {
      "version": "1.0.0",
      "resolved": "https://registry.npmjs.org/discord.py/-/discord.py-1.0.0.tgz",
      "integrity": "sha512-0YIrTHYeLg9n6ydcGXAj06FJn9m7Xquz2AE06XI2J3KtYeq7oPIiwdJW7LYQZ/y8NXHqV0O81Vq5lk0ri/gAHg=="
    },
    "flask": {
      "version": "0.2.10",
      "resolved": "https://registry.npmjs.org/flask/-/flask-0.2.10.tgz",
      "integrity": "sha1-9fWkLP1YownjfGfAo5YXqBnl4bc="
    }
  }
}
